
Microsoft Visual Studio Solution File, Format Version 12.00
# Visual Studio 15
VisualStudioVersion = 15.0.27703.2035
MinimumVisualStudioVersion = 10.0.40219.1
Project("{FAE04EC0-301F-11D3-BF4B-00C04F79EFBC}") = "RotateShift_2DArray", "RotateShift_2DArray\RotateShift_2DArray.csproj", "{25280FAC-49EC-43CF-9525-03B2D0985313}"
EndProject
Global
	GlobalSection(SolutionConfigurationPlatforms) = preSolution
		Debug|Any CPU = Debug|Any CPU
		Release|Any CPU = Release|Any CPU
	EndGlobalSection
	GlobalSection(ProjectConfigurationPlatforms) = postSolution
		{25280FAC-49EC-43CF-9525-03B2D0985313}.Debug|Any CPU.ActiveCfg = Debug|Any CPU
		{25280FAC-49EC-43CF-9525-03B2D0985313}.Debug|Any CPU.Build.0 = Debug|Any CPU
		{25280FAC-49EC-43CF-9525-03B2D0985313}.Release|Any CPU.ActiveCfg = Release|Any CPU
		{25280FAC-49EC-43CF-9525-03B2D0985313}.Release|Any CPU.Build.0 = Release|Any CPU
	EndGlobalSection
	GlobalSection(SolutionProperties) = preSolution
		HideSolutionNode = FALSE
	EndGlobalSection
	GlobalSection(ExtensibilityGlobals) = postSolution
		SolutionGuid = {3F2BBF38-0EDA-4FD2-B539-A63074A60BE4}
	EndGlobalSection
EndGlobal
